# This file is @generated by PDM.
# It is not intended for manual editing.

[metadata]
groups = ["default"]
strategy = ["cross_platform", "inherit_metadata"]
lock_version = "4.4.1"
content_hash = "sha256:6499ff4d95240ac872e4ae92ed4ca9c110482a24500ab95bb65c0c59c5c84dd3"

[[package]]
name = "psycopg"
version = "3.1.18"
requires_python = ">=3.7"
summary = "PostgreSQL database adapter for Python"
groups = ["default"]
dependencies = [
    "typing-extensions>=4.1",
    "tzdata; sys_platform == \"win32\"",
]
files = [
    {file = "psycopg-3.1.18-py3-none-any.whl", hash = "sha256:4d5a0a5a8590906daa58ebd5f3cfc34091377354a1acced269dd10faf55da60e"},
    {file = "psycopg-3.1.18.tar.gz", hash = "sha256:31144d3fb4c17d78094d9e579826f047d4af1da6a10427d91dfcfb6ecdf6f12b"},
]

[[package]]
name = "psycopg-binary"
version = "3.1.18"
requires_python = ">=3.7"
summary = "PostgreSQL database adapter for Python -- C optimisation distribution"
groups = ["default"]
marker = "implementation_name != \"pypy\""
files = [
    {file = "psycopg_binary-3.1.18-cp312-cp312-macosx_10_9_x86_64.whl", hash = "sha256:87dd9154b757a5fbf6d590f6f6ea75f4ad7b764a813ae04b1d91a70713f414a1"},
    {file = "psycopg_binary-3.1.18-cp312-cp312-macosx_11_0_arm64.whl", hash = "sha256:f876ebbf92db70125f6375f91ab4bc6b27648aa68f90d661b1fc5affb4c9731c"},
    {file = "psycopg_binary-3.1.18-cp312-cp312-manylinux_2_17_aarch64.manylinux2014_aarch64.whl", hash = "sha256:258d2f0cb45e4574f8b2fe7c6d0a0e2eb58903a4fd1fbaf60954fba82d595ab7"},
    {file = "psycopg_binary-3.1.18-cp312-cp312-manylinux_2_17_i686.manylinux2014_i686.whl", hash = "sha256:bd27f713f2e5ef3fd6796e66c1a5203a27a30ecb847be27a78e1df8a9a5ae68c"},
    {file = "psycopg_binary-3.1.18-cp312-cp312-manylinux_2_17_ppc64le.manylinux2014_ppc64le.whl", hash = "sha256:c38a4796abf7380f83b1653c2711cb2449dd0b2e5aca1caa75447d6fa5179c69"},
    {file = "psycopg_binary-3.1.18-cp312-cp312-manylinux_2_17_x86_64.manylinux2014_x86_64.whl", hash = "sha256:b2f7f95746efd1be2dc240248cc157f4315db3fd09fef2adfcc2a76e24aa5741"},
    {file = "psycopg_binary-3.1.18-cp312-cp312-musllinux_1_1_aarch64.whl", hash = "sha256:4085f56a8d4fc8b455e8f44380705c7795be5317419aa5f8214f315e4205d804"},
    {file = "psycopg_binary-3.1.18-cp312-cp312-musllinux_1_1_i686.whl", hash = "sha256:2e2484ae835dedc80cdc7f1b1a939377dc967fed862262cfd097aa9f50cade46"},
    {file = "psycopg_binary-3.1.18-cp312-cp312-musllinux_1_1_ppc64le.whl", hash = "sha256:3c2b039ae0c45eee4cd85300ef802c0f97d0afc78350946a5d0ec77dd2d7e834"},
    {file = "psycopg_binary-3.1.18-cp312-cp312-musllinux_1_1_x86_64.whl", hash = "sha256:8f54978c4b646dec77fefd8485fa82ec1a87807f334004372af1aaa6de9539a5"},
    {file = "psycopg_binary-3.1.18-cp312-cp312-win_amd64.whl", hash = "sha256:9ffcbbd389e486d3fd83d30107bbf8b27845a295051ccabde240f235d04ed921"},
]

[[package]]
name = "psycopg"
version = "3.1.18"
extras = ["binary"]
requires_python = ">=3.7"
summary = "PostgreSQL database adapter for Python"
groups = ["default"]
dependencies = [
    "psycopg-binary==3.1.18; implementation_name != \"pypy\"",
    "psycopg==3.1.18",
]
files = [
    {file = "psycopg-3.1.18-py3-none-any.whl", hash = "sha256:4d5a0a5a8590906daa58ebd5f3cfc34091377354a1acced269dd10faf55da60e"},
    {file = "psycopg-3.1.18.tar.gz", hash = "sha256:31144d3fb4c17d78094d9e579826f047d4af1da6a10427d91dfcfb6ecdf6f12b"},
]

[[package]]
name = "typing-extensions"
version = "4.10.0"
requires_python = ">=3.8"
summary = "Backported and Experimental Type Hints for Python 3.8+"
groups = ["default"]
files = [
    {file = "typing_extensions-4.10.0-py3-none-any.whl", hash = "sha256:69b1a937c3a517342112fb4c6df7e72fc39a38e7891a5730ed4985b5214b5475"},
    {file = "typing_extensions-4.10.0.tar.gz", hash = "sha256:b0abd7c89e8fb96f98db18d86106ff1d90ab692004eb746cf6eda2682f91b3cb"},
]

[[package]]
name = "tzdata"
version = "2024.1"
requires_python = ">=2"
summary = "Provider of IANA time zone data"
groups = ["default"]
marker = "sys_platform == \"win32\""
files = [
    {file = "tzdata-2024.1-py2.py3-none-any.whl", hash = "sha256:9068bc196136463f5245e51efda838afa15aaeca9903f49050dfa2679db4d252"},
    {file = "tzdata-2024.1.tar.gz", hash = "sha256:2674120f8d891909751c38abcdfd386ac0a5a1127954fbc332af6b5ceae07efd"},
]
